
Microsoft Visual Studio Solution File, Format Version 12.00
# Visual Studio Version 17
VisualStudioVersion = 17.4.33213.308
MinimumVisualStudioVersion = 10.0.40219.1
Project("{FAE04EC0-301F-11D3-BF4B-00C04F79EFBC}") = "ColetorDMergulho", "ColetorDMergulho\ColetorDMergulho.csproj", "{F5BDD721-7F63-463B-88ED-DD5357A5576C}"
EndProject
Global
	GlobalSection(SolutionConfigurationPlatforms) = preSolution
		Debug|Any CPU = Debug|Any CPU
		Release|Any CPU = Release|Any CPU
	EndGlobalSection
	GlobalSection(ProjectConfigurationPlatforms) = postSolution
		{F5BDD721-7F63-463B-88ED-DD5357A5576C}.Debug|Any CPU.ActiveCfg = Debug|Any CPU
		{F5BDD721-7F63-463B-88ED-DD5357A5576C}.Debug|Any CPU.Build.0 = Debug|Any CPU
		{F5BDD721-7F63-463B-88ED-DD5357A5576C}.Release|Any CPU.ActiveCfg = Release|Any CPU
		{F5BDD721-7F63-463B-88ED-DD5357A5576C}.Release|Any CPU.Build.0 = Release|Any CPU
	EndGlobalSection
	GlobalSection(SolutionProperties) = preSolution
		HideSolutionNode = FALSE
	EndGlobalSection
	GlobalSection(ExtensibilityGlobals) = postSolution
		SolutionGuid = {30C04D89-DD94-4158-81E1-78B05B9F6A9D}
	EndGlobalSection
EndGlobal
